// !$*UTF8*$!
{
	archiveVersion = 1;
	classes = {
	};
	objectVersion = 55;
	objects = {

/* Begin PBXBuildFile section */
		491F82002759FB80003B5195 /* HealthKitSupport.swift in Sources */ = {isa = PBXBuildFile; fileRef = 491F81FF2759FB80003B5195 /* HealthKitSupport.swift */; };
		491F8204275A03DD003B5195 /* buttonStyle.swift in Sources */ = {isa = PBXBuildFile; fileRef = 491F8203275A03DD003B5195 /* buttonStyle.swift */; };
		491F8206275A0C7E003B5195 /* methods.swift in Sources */ = {isa = PBXBuildFile; fileRef = 491F8205275A0C7D003B5195 /* methods.swift */; };
		492B9F01275EA7FE008484C1 /* PHPhotoPicker.swift in Sources */ = {isa = PBXBuildFile; fileRef = 492B9F00275EA7FE008484C1 /* PHPhotoPicker.swift */; };
		493841B4277F611100B3D066 /* ModalView.swift in Sources */ = {isa = PBXBuildFile; fileRef = 493841B3277F611100B3D066 /* ModalView.swift */; };
		494DF2552777C2EA00599797 /* PinchToZoom.swift in Sources */ = {isa = PBXBuildFile; fileRef = 494DF2542777C2EA00599797 /* PinchToZoom.swift */; };
		49555A93271475CE00A78541 /* DisclosureView.swift in Sources */ = {isa = PBXBuildFile; fileRef = 49555A8D271475CE00A78541 /* DisclosureView.swift */; };
		49555A94271475CE00A78541 /* HeartRate.swift in Sources */ = {isa = PBXBuildFile; fileRef = 49555A8F271475CE00A78541 /* HeartRate.swift */; };
		49555A95271475CE00A78541 /* graph2dataApp.swift in Sources */ = {isa = PBXBuildFile; fileRef = 49555A90271475CE00A78541 /* graph2dataApp.swift */; };
		49555A96271475CE00A78541 /* HealthView.swift in Sources */ = {isa = PBXBuildFile; fileRef = 49555A91271475CE00A78541 /* HealthView.swift */; };
		49555A98271475F900A78541 /* Assets.xcassets in Resources */ = {isa = PBXBuildFile; fileRef = 49555A97271475F900A78541 /* Assets.xcassets */; };
		49555A9B2714760600A78541 /* Preview Assets.xcassets in Resources */ = {isa = PBXBuildFile; fileRef = 49555A9A2714760600A78541 /* Preview Assets.xcassets */; };
		49555A9D2714777800A78541 /* HealthStore.swift in Sources */ = {isa = PBXBuildFile; fileRef = 49555A9C2714777800A78541 /* HealthStore.swift */; };
		4962B22327216C9E00AED7E8 /* Localizable.strings in Resources */ = {isa = PBXBuildFile; fileRef = 4962B22127216C9E00AED7E8 /* Localizable.strings */; };
		4962B22627216CAA00AED7E8 /* Localizable.strings in Resources */ = {isa = PBXBuildFile; fileRef = 4962B22427216CAA00AED7E8 /* Localizable.strings */; };
		49A77F912783852F0086567A /* HeaderView.swift in Sources */ = {isa = PBXBuildFile; fileRef = 49A77F902783852F0086567A /* HeaderView.swift */; };
		49A77F9327839C120086567A /* GroupBoxViewHR.swift in Sources */ = {isa = PBXBuildFile; fileRef = 49A77F9227839C120086567A /* GroupBoxViewHR.swift */; };
		49A9B0AC275D5C6C0067148C /* saveToLocal.swift in Sources */ = {isa = PBXBuildFile; fileRef = 49A9B0AB275D5C6B0067148C /* saveToLocal.swift */; };
		49CD6B2E2754BCA0001EDB2D /* MainView.swift in Sources */ = {isa = PBXBuildFile; fileRef = 49CD6B2D2754BCA0001EDB2D /* MainView.swift */; };
		49CD6B302754BFF5001EDB2D /* BloodOxygen.swift in Sources */ = {isa = PBXBuildFile; fileRef = 49CD6B2F2754BFF5001EDB2D /* BloodOxygen.swift */; };
		49CD6B3327557629001EDB2D /* HealthKit.framework in Frameworks */ = {isa = PBXBuildFile; fileRef = 494C4AA126FFD36D0023D1B3 /* HealthKit.framework */; };
		49D7EF2627760FCA0063A681 /* GroupBoxViewBO.swift in Sources */ = {isa = PBXBuildFile; fileRef = 49D7EF2527760FCA0063A681 /* GroupBoxViewBO.swift */; };
		49DFA2E1273EE34700BB470D /* graph2dataUITests.swift in Sources */ = {isa = PBXBuildFile; fileRef = 49DFA2E0273EE34700BB470D /* graph2dataUITests.swift */; };
		49DFA2E3273EE34700BB470D /* graph2dataUITestsLaunchTests.swift in Sources */ = {isa = PBXBuildFile; fileRef = 49DFA2E2273EE34700BB470D /* graph2dataUITestsLaunchTests.swift */; };
		49F309EE275F4B0100763CA0 /* CodableBundleExtension.swift in Sources */ = {isa = PBXBuildFile; fileRef = 49F309ED275F4B0100763CA0 /* CodableBundleExtension.swift */; };
/* End PBXBuildFile section */

/* Begin PBXContainerItemProxy section */
		49DFA2E4273EE34700BB470D /* PBXContainerItemProxy */ = {
			isa = PBXContainerItemProxy;
			containerPortal = 494273BD26F64695004535DF /* Project object */;
			proxyType = 1;
			remoteGlobalIDString = 494273C426F64695004535DF;
			remoteInfo = graph2data;
		};
/* End PBXContainerItemProxy section */

/* Begin PBXFileReference section */
		491F81FF2759FB80003B5195 /* HealthKitSupport.swift */ = {isa = PBXFileReference; lastKnownFileType = sourcecode.swift; path = HealthKitSupport.swift; sourceTree = "<group>"; };
		491F8203275A03DD003B5195 /* buttonStyle.swift */ = {isa = PBXFileReference; lastKnownFileType = sourcecode.swift; path = buttonStyle.swift; sourceTree = "<group>"; };
		491F8205275A0C7D003B5195 /* methods.swift */ = {isa = PBXFileReference; lastKnownFileType = sourcecode.swift; path = methods.swift; sourceTree = "<group>"; };
		492B9F00275EA7FE008484C1 /* PHPhotoPicker.swift */ = {isa = PBXFileReference; lastKnownFileType = sourcecode.swift; path = PHPhotoPicker.swift; sourceTree = "<group>"; };
		493841B3277F611100B3D066 /* ModalView.swift */ = {isa = PBXFileReference; lastKnownFileType = sourcecode.swift; path = ModalView.swift; sourceTree = "<group>"; };
		494273C526F64695004535DF /* graph2data.app */ = {isa = PBXFileReference; explicitFileType = wrapper.application; includeInIndex = 0; path = graph2data.app; sourceTree = BUILT_PRODUCTS_DIR; };
		494C4AA126FFD36D0023D1B3 /* HealthKit.framework */ = {isa = PBXFileReference; lastKnownFileType = wrapper.framework; name = HealthKit.framework; path = System/Library/Frameworks/HealthKit.framework; sourceTree = SDKROOT; };
		494DF2542777C2EA00599797 /* PinchToZoom.swift */ = {isa = PBXFileReference; lastKnownFileType = sourcecode.swift; path = PinchToZoom.swift; sourceTree = "<group>"; };
		49555A8D271475CE00A78541 /* DisclosureView.swift */ = {isa = PBXFileReference; fileEncoding = 4; lastKnownFileType = sourcecode.swift; name = DisclosureView.swift; path = graph2data/DisclosureView.swift; sourceTree = SOURCE_ROOT; };
		49555A8E271475CE00A78541 /* graph2data.entitlements */ = {isa = PBXFileReference; fileEncoding = 4; lastKnownFileType = text.plist.entitlements; name = graph2data.entitlements; path = graph2data/graph2data.entitlements; sourceTree = SOURCE_ROOT; };
		49555A8F271475CE00A78541 /* HeartRate.swift */ = {isa = PBXFileReference; fileEncoding = 4; lastKnownFileType = sourcecode.swift; name = HeartRate.swift; path = graph2data/HeartRate.swift; sourceTree = SOURCE_ROOT; };
		49555A90271475CE00A78541 /* graph2dataApp.swift */ = {isa = PBXFileReference; fileEncoding = 4; lastKnownFileType = sourcecode.swift; name = graph2dataApp.swift; path = graph2data/graph2dataApp.swift; sourceTree = SOURCE_ROOT; };
		49555A91271475CE00A78541 /* HealthView.swift */ = {isa = PBXFileReference; fileEncoding = 4; lastKnownFileType = sourcecode.swift; name = HealthView.swift; path = graph2data/HealthView.swift; sourceTree = SOURCE_ROOT; };
		49555A97271475F900A78541 /* Assets.xcassets */ = {isa = PBXFileReference; lastKnownFileType = folder.assetcatalog; name = Assets.xcassets; path = graph2data/Assets.xcassets; sourceTree = SOURCE_ROOT; };
		49555A9A2714760600A78541 /* Preview Assets.xcassets */ = {isa = PBXFileReference; lastKnownFileType = folder.assetcatalog; path = "Preview Assets.xcassets"; sourceTree = "<group>"; };
		49555A9C2714777800A78541 /* HealthStore.swift */ = {isa = PBXFileReference; fileEncoding = 4; lastKnownFileType = sourcecode.swift; name = HealthStore.swift; path = graph2data/HealthKit/HealthStore.swift; sourceTree = SOURCE_ROOT; };
		4962B22227216C9E00AED7E8 /* en */ = {isa = PBXFileReference; lastKnownFileType = text.plist.strings; name = en; path = en.lproj/Localizable.strings; sourceTree = SOURCE_ROOT; };
		4962B22527216CAA00AED7E8 /* ru */ = {isa = PBXFileReference; lastKnownFileType = text.plist.strings; name = ru; path = ru.lproj/Localizable.strings; sourceTree = SOURCE_ROOT; };
		49A77F902783852F0086567A /* HeaderView.swift */ = {isa = PBXFileReference; lastKnownFileType = sourcecode.swift; path = HeaderView.swift; sourceTree = "<group>"; };
		49A77F9227839C120086567A /* GroupBoxViewHR.swift */ = {isa = PBXFileReference; lastKnownFileType = sourcecode.swift; path = GroupBoxViewHR.swift; sourceTree = "<group>"; };
		49A9B0AB275D5C6B0067148C /* saveToLocal.swift */ = {isa = PBXFileReference; lastKnownFileType = sourcecode.swift; path = saveToLocal.swift; sourceTree = "<group>"; };
		49CD6B2D2754BCA0001EDB2D /* MainView.swift */ = {isa = PBXFileReference; lastKnownFileType = sourcecode.swift; path = MainView.swift; sourceTree = "<group>"; };
		49CD6B2F2754BFF5001EDB2D /* BloodOxygen.swift */ = {isa = PBXFileReference; lastKnownFileType = sourcecode.swift; path = BloodOxygen.swift; sourceTree = "<group>"; };
		49D7EF2527760FCA0063A681 /* GroupBoxViewBO.swift */ = {isa = PBXFileReference; lastKnownFileType = sourcecode.swift; path = GroupBoxViewBO.swift; sourceTree = "<group>"; };
		49DFA2DE273EE34700BB470D /* graph2dataUITests.xctest */ = {isa = PBXFileReference; explicitFileType = wrapper.cfbundle; includeInIndex = 0; path = graph2dataUITests.xctest; sourceTree = BUILT_PRODUCTS_DIR; };
		49DFA2E0273EE34700BB470D /* graph2dataUITests.swift */ = {isa = PBXFileReference; lastKnownFileType = sourcecode.swift; path = graph2dataUITests.swift; sourceTree = "<group>"; };
		49DFA2E2273EE34700BB470D /* graph2dataUITestsLaunchTests.swift */ = {isa = PBXFileReference; lastKnownFileType = sourcecode.swift; path = graph2dataUITestsLaunchTests.swift; sourceTree = "<group>"; };
		49F309ED275F4B0100763CA0 /* CodableBundleExtension.swift */ = {isa = PBXFileReference; lastKnownFileType = sourcecode.swift; path = CodableBundleExtension.swift; sourceTree = "<group>"; };
/* End PBXFileReference section */

/* Begin PBXFrameworksBuildPhase section */
		494273C226F64695004535DF /* Frameworks */ = {
			isa = PBXFrameworksBuildPhase;
			buildActionMask = 2147483647;
			files = (
				49CD6B3327557629001EDB2D /* HealthKit.framework in Frameworks */,
			);
			runOnlyForDeploymentPostprocessing = 0;
		};
		49DFA2DB273EE34700BB470D /* Frameworks */ = {
			isa = PBXFrameworksBuildPhase;
			buildActionMask = 2147483647;
			files = (
			);
			runOnlyForDeploymentPostprocessing = 0;
		};
/* End PBXFrameworksBuildPhase section */

/* Begin PBXGroup section */
		491F81FE2759F966003B5195 /* HealthKit */ = {
			isa = PBXGroup;
			children = (
				49555A9C2714777800A78541 /* HealthStore.swift */,
				491F81FF2759FB80003B5195 /* HealthKitSupport.swift */,
			);
			path = HealthKit;
			sourceTree = "<group>";
		};
		494273BC26F64695004535DF = {
			isa = PBXGroup;
			children = (
				4962B21E27216C8400AED7E8 /* Local */,
				494273C726F64695004535DF /* graph2data */,
				49DFA2DF273EE34700BB470D /* graph2dataUITests */,
				494273C626F64695004535DF /* Products */,
				494C4AA026FFD36D0023D1B3 /* Frameworks */,
			);
			sourceTree = "<group>";
		};
		494273C626F64695004535DF /* Products */ = {
			isa = PBXGroup;
			children = (
				494273C526F64695004535DF /* graph2data.app */,
				49DFA2DE273EE34700BB470D /* graph2dataUITests.xctest */,
			);
			name = Products;
			sourceTree = "<group>";
		};
		494273C726F64695004535DF /* graph2data */ = {
			isa = PBXGroup;
			children = (
				49D7EF2527760FCA0063A681 /* GroupBoxViewBO.swift */,
				49A77F9227839C120086567A /* GroupBoxViewHR.swift */,
				49555A90271475CE00A78541 /* graph2dataApp.swift */,
				491F8205275A0C7D003B5195 /* methods.swift */,
				491F81FE2759F966003B5195 /* HealthKit */,
				49555A8F271475CE00A78541 /* HeartRate.swift */,
				49555A8D271475CE00A78541 /* DisclosureView.swift */,
				49555A8E271475CE00A78541 /* graph2data.entitlements */,
				49555A992714760600A78541 /* Preview Content */,
				49555A91271475CE00A78541 /* HealthView.swift */,
				49555A97271475F900A78541 /* Assets.xcassets */,
				49CD6B2D2754BCA0001EDB2D /* MainView.swift */,
				49CD6B2F2754BFF5001EDB2D /* BloodOxygen.swift */,
				491F8203275A03DD003B5195 /* buttonStyle.swift */,
				49A9B0AB275D5C6B0067148C /* saveToLocal.swift */,
				492B9F00275EA7FE008484C1 /* PHPhotoPicker.swift */,
				49F309ED275F4B0100763CA0 /* CodableBundleExtension.swift */,
				494DF2542777C2EA00599797 /* PinchToZoom.swift */,
				493841B3277F611100B3D066 /* ModalView.swift */,
				49A77F902783852F0086567A /* HeaderView.swift */,
			);
			path = graph2data;
			sourceTree = "<group>";
		};
		494C4AA026FFD36D0023D1B3 /* Frameworks */ = {
			isa = PBXGroup;
			children = (
				494C4AA126FFD36D0023D1B3 /* HealthKit.framework */,
			);
			name = Frameworks;
			sourceTree = "<group>";
		};
		49555A992714760600A78541 /* Preview Content */ = {
			isa = PBXGroup;
			children = (
				49555A9A2714760600A78541 /* Preview Assets.xcassets */,
			);
			name = "Preview Content";
			path = "graph2data/Preview Content";
			sourceTree = SOURCE_ROOT;
		};
		4962B21E27216C8400AED7E8 /* Local */ = {
			isa = PBXGroup;
			children = (
				4962B22027216C8D00AED7E8 /* ru */,
				4962B21F27216C8800AED7E8 /* en */,
			);
			path = Local;
			sourceTree = "<group>";
		};
		4962B21F27216C8800AED7E8 /* en */ = {
			isa = PBXGroup;
			children = (
				4962B22127216C9E00AED7E8 /* Localizable.strings */,
			);
			path = en;
			sourceTree = "<group>";
		};
		4962B22027216C8D00AED7E8 /* ru */ = {
			isa = PBXGroup;
			children = (
				4962B22427216CAA00AED7E8 /* Localizable.strings */,
			);
			path = ru;
			sourceTree = "<group>";
		};
		49DFA2DF273EE34700BB470D /* graph2dataUITests */ = {
			isa = PBXGroup;
			children = (
				49DFA2E0273EE34700BB470D /* graph2dataUITests.swift */,
				49DFA2E2273EE34700BB470D /* graph2dataUITestsLaunchTests.swift */,
			);
			path = graph2dataUITests;
			sourceTree = "<group>";
		};
/* End PBXGroup section */

/* Begin PBXNativeTarget section */
		494273C426F64695004535DF /* graph2data */ = {
			isa = PBXNativeTarget;
			buildConfigurationList = 494273D326F64697004535DF /* Build configuration list for PBXNativeTarget "graph2data" */;
			buildPhases = (
				494273C126F64695004535DF /* Sources */,
				494273C226F64695004535DF /* Frameworks */,
				494273C326F64695004535DF /* Resources */,
			);
			buildRules = (
			);
			dependencies = (
			);
			name = graph2data;
			productName = pixels;
			productReference = 494273C526F64695004535DF /* graph2data.app */;
			productType = "com.apple.product-type.application";
		};
		49DFA2DD273EE34700BB470D /* graph2dataUITests */ = {
			isa = PBXNativeTarget;
			buildConfigurationList = 49DFA2E8273EE34700BB470D /* Build configuration list for PBXNativeTarget "graph2dataUITests" */;
			buildPhases = (
				49DFA2DA273EE34700BB470D /* Sources */,
				49DFA2DB273EE34700BB470D /* Frameworks */,
				49DFA2DC273EE34700BB470D /* Resources */,
			);
			buildRules = (
			);
			dependencies = (
				49DFA2E5273EE34700BB470D /* PBXTargetDependency */,
			);
			name = graph2dataUITests;
			productName = graph2dataUITests;
			productReference = 49DFA2DE273EE34700BB470D /* graph2dataUITests.xctest */;
			productType = "com.apple.product-type.bundle.ui-testing";
		};
/* End PBXNativeTarget section */

/* Begin PBXProject section */
		494273BD26F64695004535DF /* Project object */ = {
			isa = PBXProject;
			attributes = {
				BuildIndependentTargetsInParallel = 1;
				LastSwiftUpdateCheck = 1310;
				LastUpgradeCheck = 1310;
				TargetAttributes = {
					494273C426F64695004535DF = {
						CreatedOnToolsVersion = 13.0;
					};
					49DFA2DD273EE34700BB470D = {
						CreatedOnToolsVersion = 13.1;
						TestTargetID = 494273C426F64695004535DF;
					};
				};
			};
			buildConfigurationList = 494273C026F64695004535DF /* Build configuration list for PBXProject "graph2data" */;
			compatibilityVersion = "Xcode 13.0";
			developmentRegion = en;
			hasScannedForEncodings = 0;
			knownRegions = (
				en,
				Base,
				ru,
			);
			mainGroup = 494273BC26F64695004535DF;
			productRefGroup = 494273C626F64695004535DF /* Products */;
			projectDirPath = "";
			projectRoot = "";
			targets = (
				494273C426F64695004535DF /* graph2data */,
				49DFA2DD273EE34700BB470D /* graph2dataUITests */,
			);
		};
/* End PBXProject section */

/* Begin PBXResourcesBuildPhase section */
		494273C326F64695004535DF /* Resources */ = {
			isa = PBXResourcesBuildPhase;
			buildActionMask = 2147483647;
			files = (
				49555A9B2714760600A78541 /* Preview Assets.xcassets in Resources */,
				4962B22627216CAA00AED7E8 /* Localizable.strings in Resources */,
				4962B22327216C9E00AED7E8 /* Localizable.strings in Resources */,
				49555A98271475F900A78541 /* Assets.xcassets in Resources */,
			);
			runOnlyForDeploymentPostprocessing = 0;
		};
		49DFA2DC273EE34700BB470D /* Resources */ = {
			isa = PBXResourcesBuildPhase;
			buildActionMask = 2147483647;
			files = (
			);
			runOnlyForDeploymentPostprocessing = 0;
		};
/* End PBXResourcesBuildPhase section */

/* Begin PBXSourcesBuildPhase section */
		494273C126F64695004535DF /* Sources */ = {
			isa = PBXSourcesBuildPhase;
			buildActionMask = 2147483647;
			files = (
				49D7EF2627760FCA0063A681 /* GroupBoxViewBO.swift in Sources */,
				49555A9D2714777800A78541 /* HealthStore.swift in Sources */,
				493841B4277F611100B3D066 /* ModalView.swift in Sources */,
				49A9B0AC275D5C6C0067148C /* saveToLocal.swift in Sources */,
				492B9F01275EA7FE008484C1 /* PHPhotoPicker.swift in Sources */,
				491F82002759FB80003B5195 /* HealthKitSupport.swift in Sources */,
				49A77F912783852F0086567A /* HeaderView.swift in Sources */,
				49CD6B2E2754BCA0001EDB2D /* MainView.swift in Sources */,
				491F8204275A03DD003B5195 /* buttonStyle.swift in Sources */,
				491F8206275A0C7E003B5195 /* methods.swift in Sources */,
				49CD6B302754BFF5001EDB2D /* BloodOxygen.swift in Sources */,
				49555A93271475CE00A78541 /* DisclosureView.swift in Sources */,
				49555A94271475CE00A78541 /* HeartRate.swift in Sources */,
				494DF2552777C2EA00599797 /* PinchToZoom.swift in Sources */,
				49555A95271475CE00A78541 /* graph2dataApp.swift in Sources */,
				49F309EE275F4B0100763CA0 /* CodableBundleExtension.swift in Sources */,
				49A77F9327839C120086567A /* GroupBoxViewHR.swift in Sources */,
				49555A96271475CE00A78541 /* HealthView.swift in Sources */,
			);
			runOnlyForDeploymentPostprocessing = 0;
		};
		49DFA2DA273EE34700BB470D /* Sources */ = {
			isa = PBXSourcesBuildPhase;
			buildActionMask = 2147483647;
			files = (
				49DFA2E3273EE34700BB470D /* graph2dataUITestsLaunchTests.swift in Sources */,
				49DFA2E1273EE34700BB470D /* graph2dataUITests.swift in Sources */,
			);
			runOnlyForDeploymentPostprocessing = 0;
		};
/* End PBXSourcesBuildPhase section */

/* Begin PBXTargetDependency section */
		49DFA2E5273EE34700BB470D /* PBXTargetDependency */ = {
			isa = PBXTargetDependency;
			target = 494273C426F64695004535DF /* graph2data */;
			targetProxy = 49DFA2E4273EE34700BB470D /* PBXContainerItemProxy */;
		};
/* End PBXTargetDependency section */

/* Begin PBXVariantGroup section */
		4962B22127216C9E00AED7E8 /* Localizable.strings */ = {
			isa = PBXVariantGroup;
			children = (
				4962B22227216C9E00AED7E8 /* en */,
			);
			name = Localizable.strings;
			sourceTree = "<group>";
		};
		4962B22427216CAA00AED7E8 /* Localizable.strings */ = {
			isa = PBXVariantGroup;
			children = (
				4962B22527216CAA00AED7E8 /* ru */,
			);
			name = Localizable.strings;
			sourceTree = "<group>";
		};
/* End PBXVariantGroup section */

/* Begin XCBuildConfiguration section */
		494273D126F64697004535DF /* Debug */ = {
			isa = XCBuildConfiguration;
			buildSettings = {
				ALWAYS_SEARCH_USER_PATHS = NO;
				CLANG_ANALYZER_LOCALIZABILITY_NONLOCALIZED = YES;
				CLANG_ANALYZER_NONNULL = YES;
				CLANG_ANALYZER_NUMBER_OBJECT_CONVERSION = YES_AGGRESSIVE;
				CLANG_CXX_LANGUAGE_STANDARD = "gnu++17";
				CLANG_CXX_LIBRARY = "libc++";
				CLANG_ENABLE_MODULES = YES;
				CLANG_ENABLE_OBJC_ARC = YES;
				CLANG_ENABLE_OBJC_WEAK = YES;
				CLANG_WARN_BLOCK_CAPTURE_AUTORELEASING = YES;
				CLANG_WARN_BOOL_CONVERSION = YES;
				CLANG_WARN_COMMA = YES;
				CLANG_WARN_CONSTANT_CONVERSION = YES;
				CLANG_WARN_DEPRECATED_OBJC_IMPLEMENTATIONS = YES;
				CLANG_WARN_DIRECT_OBJC_ISA_USAGE = YES_ERROR;
				CLANG_WARN_DOCUMENTATION_COMMENTS = YES;
				CLANG_WARN_EMPTY_BODY = YES;
				CLANG_WARN_ENUM_CONVERSION = YES;
				CLANG_WARN_INFINITE_RECURSION = YES;
				CLANG_WARN_INT_CONVERSION = YES;
				CLANG_WARN_NON_LITERAL_NULL_CONVERSION = YES;
				CLANG_WARN_OBJC_IMPLICIT_RETAIN_SELF = YES;
				CLANG_WARN_OBJC_LITERAL_CONVERSION = YES;
				CLANG_WARN_OBJC_ROOT_CLASS = YES_ERROR;
				CLANG_WARN_QUOTED_INCLUDE_IN_FRAMEWORK_HEADER = YES;
				CLANG_WARN_RANGE_LOOP_ANALYSIS = YES;
				CLANG_WARN_STRICT_PROTOTYPES = YES;
				CLANG_WARN_SUSPICIOUS_MOVE = YES;
				CLANG_WARN_UNGUARDED_AVAILABILITY = YES_AGGRESSIVE;
				CLANG_WARN_UNREACHABLE_CODE = YES;
				CLANG_WARN__DUPLICATE_METHOD_MATCH = YES;
				COPY_PHASE_STRIP = NO;
				DEBUG_INFORMATION_FORMAT = dwarf;
				ENABLE_STRICT_OBJC_MSGSEND = YES;
				ENABLE_TESTABILITY = YES;
				GCC_C_LANGUAGE_STANDARD = gnu11;
				GCC_DYNAMIC_NO_PIC = NO;
				GCC_NO_COMMON_BLOCKS = YES;
				GCC_OPTIMIZATION_LEVEL = 0;
				GCC_PREPROCESSOR_DEFINITIONS = (
					"DEBUG=1",
					"$(inherited)",
				);
				GCC_WARN_64_TO_32_BIT_CONVERSION = YES;
				GCC_WARN_ABOUT_RETURN_TYPE = YES_ERROR;
				GCC_WARN_UNDECLARED_SELECTOR = YES;
				GCC_WARN_UNINITIALIZED_AUTOS = YES_AGGRESSIVE;
				GCC_WARN_UNUSED_FUNCTION = YES;
				GCC_WARN_UNUSED_VARIABLE = YES;
				IPHONEOS_DEPLOYMENT_TARGET = 15.0;
				MTL_ENABLE_DEBUG_INFO = INCLUDE_SOURCE;
				MTL_FAST_MATH = YES;
				ONLY_ACTIVE_ARCH = YES;
				SDKROOT = iphoneos;
				SWIFT_ACTIVE_COMPILATION_CONDITIONS = DEBUG;
				SWIFT_OPTIMIZATION_LEVEL = "-Onone";
			};
			name = Debug;
		};
		494273D226F64697004535DF /* Release */ = {
			isa = XCBuildConfiguration;
			buildSettings = {
				ALWAYS_SEARCH_USER_PATHS = NO;
				CLANG_ANALYZER_LOCALIZABILITY_NONLOCALIZED = YES;
				CLANG_ANALYZER_NONNULL = YES;
				CLANG_ANALYZER_NUMBER_OBJECT_CONVERSION = YES_AGGRESSIVE;
				CLANG_CXX_LANGUAGE_STANDARD = "gnu++17";
				CLANG_CXX_LIBRARY = "libc++";
				CLANG_ENABLE_MODULES = YES;
				CLANG_ENABLE_OBJC_ARC = YES;
				CLANG_ENABLE_OBJC_WEAK = YES;
				CLANG_WARN_BLOCK_CAPTURE_AUTORELEASING = YES;
				CLANG_WARN_BOOL_CONVERSION = YES;
				CLANG_WARN_COMMA = YES;
				CLANG_WARN_CONSTANT_CONVERSION = YES;
				CLANG_WARN_DEPRECATED_OBJC_IMPLEMENTATIONS = YES;
				CLANG_WARN_DIRECT_OBJC_ISA_USAGE = YES_ERROR;
				CLANG_WARN_DOCUMENTATION_COMMENTS = YES;
				CLANG_WARN_EMPTY_BODY = YES;
				CLANG_WARN_ENUM_CONVERSION = YES;
				CLANG_WARN_INFINITE_RECURSION = YES;
				CLANG_WARN_INT_CONVERSION = YES;
				CLANG_WARN_NON_LITERAL_NULL_CONVERSION = YES;
				CLANG_WARN_OBJC_IMPLICIT_RETAIN_SELF = YES;
				CLANG_WARN_OBJC_LITERAL_CONVERSION = YES;
				CLANG_WARN_OBJC_ROOT_CLASS = YES_ERROR;
				CLANG_WARN_QUOTED_INCLUDE_IN_FRAMEWORK_HEADER = YES;
				CLANG_WARN_RANGE_LOOP_ANALYSIS = YES;
				CLANG_WARN_STRICT_PROTOTYPES = YES;
				CLANG_WARN_SUSPICIOUS_MOVE = YES;
				CLANG_WARN_UNGUARDED_AVAILABILITY = YES_AGGRESSIVE;
				CLANG_WARN_UNREACHABLE_CODE = YES;
				CLANG_WARN__DUPLICATE_METHOD_MATCH = YES;
				COPY_PHASE_STRIP = NO;
				DEBUG_INFORMATION_FORMAT = "dwarf-with-dsym";
				ENABLE_NS_ASSERTIONS = NO;
				ENABLE_STRICT_OBJC_MSGSEND = YES;
				GCC_C_LANGUAGE_STANDARD = gnu11;
				GCC_NO_COMMON_BLOCKS = YES;
				GCC_WARN_64_TO_32_BIT_CONVERSION = YES;
				GCC_WARN_ABOUT_RETURN_TYPE = YES_ERROR;
				GCC_WARN_UNDECLARED_SELECTOR = YES;
				GCC_WARN_UNINITIALIZED_AUTOS = YES_AGGRESSIVE;
				GCC_WARN_UNUSED_FUNCTION = YES;
				GCC_WARN_UNUSED_VARIABLE = YES;
				IPHONEOS_DEPLOYMENT_TARGET = 15.0;
				MTL_ENABLE_DEBUG_INFO = NO;
				MTL_FAST_MATH = YES;
				SDKROOT = iphoneos;
				SWIFT_COMPILATION_MODE = wholemodule;
				SWIFT_OPTIMIZATION_LEVEL = "-O";
				VALIDATE_PRODUCT = YES;
			};
			name = Release;
		};
		494273D426F64697004535DF /* Debug */ = {
			isa = XCBuildConfiguration;
			buildSettings = {
				ASSETCATALOG_COMPILER_APPICON_NAME = AppIcon;
				ASSETCATALOG_COMPILER_GLOBAL_ACCENT_COLOR_NAME = AccentColor;
				CODE_SIGN_ENTITLEMENTS = graph2data/graph2data.entitlements;
				CODE_SIGN_STYLE = Automatic;
				CURRENT_PROJECT_VERSION = 1;
				DEVELOPMENT_ASSET_PATHS = "\"graph2data/Preview Content\"";
				DEVELOPMENT_TEAM = A3KBNB28AF;
				ENABLE_PREVIEWS = YES;
				GENERATE_INFOPLIST_FILE = YES;
				INFOPLIST_FILE = graph2data/Info.plist;
				INFOPLIST_KEY_CFBundleDisplayName = graph2data;
				INFOPLIST_KEY_NSHealthShareUsageDescription = "The app would like to write simulated heart data to HealthKit WRITE";
				INFOPLIST_KEY_NSHealthUpdateUsageDescription = "The app would like to read simulated heart rate data from HealthKit READ";
				INFOPLIST_KEY_UIApplicationSceneManifest_Generation = YES;
				INFOPLIST_KEY_UIApplicationSupportsIndirectInputEvents = YES;
				INFOPLIST_KEY_UISupportedInterfaceOrientations_iPad = "UIInterfaceOrientationPortrait UIInterfaceOrientationPortraitUpsideDown UIInterfaceOrientationLandscapeLeft UIInterfaceOrientationLandscapeRight";
				INFOPLIST_KEY_UISupportedInterfaceOrientations_iPhone = "UIInterfaceOrientationPortrait UIInterfaceOrientationLandscapeLeft UIInterfaceOrientationLandscapeRight";
				IPHONEOS_DEPLOYMENT_TARGET = 15.0;
				LD_RUNPATH_SEARCH_PATHS = (
					"$(inherited)",
					"@executable_path/Frameworks",
				);
				MARKETING_VERSION = 1.0;
				PRODUCT_BUNDLE_IDENTIFIER = com.AK.graph2data;
				PRODUCT_NAME = "$(TARGET_NAME)";
				SWIFT_EMIT_LOC_STRINGS = YES;
				SWIFT_VERSION = 5.0;
				TARGETED_DEVICE_FAMILY = 1;
			};
			name = Debug;
		};
		494273D526F64697004535DF /* Release */ = {
			isa = XCBuildConfiguration;
			buildSettings = {
				ASSETCATALOG_COMPILER_APPICON_NAME = AppIcon;
				ASSETCATALOG_COMPILER_GLOBAL_ACCENT_COLOR_NAME = AccentColor;
				CODE_SIGN_ENTITLEMENTS = graph2data/graph2data.entitlements;
				CODE_SIGN_STYLE = Automatic;
				CURRENT_PROJECT_VERSION = 1;
				DEVELOPMENT_ASSET_PATHS = "\"graph2data/Preview Content\"";
				DEVELOPMENT_TEAM = A3KBNB28AF;
				ENABLE_PREVIEWS = YES;
				GENERATE_INFOPLIST_FILE = YES;
				INFOPLIST_FILE = graph2data/Info.plist;
				INFOPLIST_KEY_CFBundleDisplayName = graph2data;
				INFOPLIST_KEY_NSHealthShareUsageDescription = "The app would like to write simulated heart data to HealthKit WRITE";
				INFOPLIST_KEY_NSHealthUpdateUsageDescription = "The app would like to read simulated heart rate data from HealthKit READ";
				INFOPLIST_KEY_UIApplicationSceneManifest_Generation = YES;
				INFOPLIST_KEY_UIApplicationSupportsIndirectInputEvents = YES;
				INFOPLIST_KEY_UISupportedInterfaceOrientations_iPad = "UIInterfaceOrientationPortrait UIInterfaceOrientationPortraitUpsideDown UIInterfaceOrientationLandscapeLeft UIInterfaceOrientationLandscapeRight";
				INFOPLIST_KEY_UISupportedInterfaceOrientations_iPhone = "UIInterfaceOrientationPortrait UIInterfaceOrientationLandscapeLeft UIInterfaceOrientationLandscapeRight";
				IPHONEOS_DEPLOYMENT_TARGET = 15.0;
				LD_RUNPATH_SEARCH_PATHS = (
					"$(inherited)",
					"@executable_path/Frameworks",
				);
				MARKETING_VERSION = 1.0;
				PRODUCT_BUNDLE_IDENTIFIER = com.AK.graph2data;
				PRODUCT_NAME = "$(TARGET_NAME)";
				SWIFT_EMIT_LOC_STRINGS = YES;
				SWIFT_VERSION = 5.0;
				TARGETED_DEVICE_FAMILY = 1;
			};
			name = Release;
		};
		49DFA2E6273EE34700BB470D /* Debug */ = {
			isa = XCBuildConfiguration;
			buildSettings = {
				CODE_SIGN_STYLE = Automatic;
				CURRENT_PROJECT_VERSION = 1;
				DEVELOPMENT_TEAM = A3KBNB28AF;
				GENERATE_INFOPLIST_FILE = YES;
				LD_RUNPATH_SEARCH_PATHS = (
					"$(inherited)",
					"@executable_path/Frameworks",
					"@loader_path/Frameworks",
				);
				MARKETING_VERSION = 1.0;
				PRODUCT_BUNDLE_IDENTIFIER = com.AK.graph2dataUITests;
				PRODUCT_NAME = "$(TARGET_NAME)";
				SWIFT_EMIT_LOC_STRINGS = NO;
				SWIFT_VERSION = 5.0;
				TARGETED_DEVICE_FAMILY = "1,2";
				TEST_TARGET_NAME = graph2data;
			};
			name = Debug;
		};
		49DFA2E7273EE34700BB470D /* Release */ = {
			isa = XCBuildConfiguration;
			buildSettings = {
				CODE_SIGN_STYLE = Automatic;
				CURRENT_PROJECT_VERSION = 1;
				DEVELOPMENT_TEAM = A3KBNB28AF;
				GENERATE_INFOPLIST_FILE = YES;
				LD_RUNPATH_SEARCH_PATHS = (
					"$(inherited)",
					"@executable_path/Frameworks",
					"@loader_path/Frameworks",
				);
				MARKETING_VERSION = 1.0;
				PRODUCT_BUNDLE_IDENTIFIER = com.AK.graph2dataUITests;
				PRODUCT_NAME = "$(TARGET_NAME)";
				SWIFT_EMIT_LOC_STRINGS = NO;
				SWIFT_VERSION = 5.0;
				TARGETED_DEVICE_FAMILY = "1,2";
				TEST_TARGET_NAME = graph2data;
			};
			name = Release;
		};
/* End XCBuildConfiguration section */

/* Begin XCConfigurationList section */
		494273C026F64695004535DF /* Build configuration list for PBXProject "graph2data" */ = {
			isa = XCConfigurationList;
			buildConfigurations = (
				494273D126F64697004535DF /* Debug */,
				494273D226F64697004535DF /* Release */,
			);
			defaultConfigurationIsVisible = 0;
			defaultConfigurationName = Release;
		};
		494273D326F64697004535DF /* Build configuration list for PBXNativeTarget "graph2data" */ = {
			isa = XCConfigurationList;
			buildConfigurations = (
				494273D426F64697004535DF /* Debug */,
				494273D526F64697004535DF /* Release */,
			);
			defaultConfigurationIsVisible = 0;
			defaultConfigurationName = Release;
		};
		49DFA2E8273EE34700BB470D /* Build configuration list for PBXNativeTarget "graph2dataUITests" */ = {
			isa = XCConfigurationList;
			buildConfigurations = (
				49DFA2E6273EE34700BB470D /* Debug */,
				49DFA2E7273EE34700BB470D /* Release */,
			);
			defaultConfigurationIsVisible = 0;
			defaultConfigurationName = Release;
		};
/* End XCConfigurationList section */
	};
	rootObject = 494273BD26F64695004535DF /* Project object */;
}
